{
  "nodes": {
    "darwin": {
      "inputs": {
        "nixpkgs": [
          "nixpkgs"
        ]
      },
      "locked": {
        "lastModified": 1747752313,
        "narHash": "sha256-Z5OnPIZ3/ijo5xLCOpWoVbUE5JNnGxSHGhnJ3u9f2GE=",
        "owner": "lnl7",
        "repo": "nix-darwin",
        "rev": "9ed53ae9abb5b125e453f37e475da5b8c368e676",
        "type": "github"
      },
      "original": {
        "owner": "lnl7",
        "repo": "nix-darwin",
        "type": "github"
      }
    },
    "disko": {
      "inputs": {
        "nixpkgs": [
          "nixpkgs"
        ]
      },
      "locked": {
        "lastModified": 1747742835,
        "narHash": "sha256-kYL4GCwwznsypvsnA20oyvW8zB/Dvn6K5G/tgMjVMT4=",
        "owner": "nix-community",
        "repo": "disko",
        "rev": "df522e787fdffc4f32ed3e1fca9ed0968a384d62",
        "type": "github"
      },
      "original": {
        "owner": "nix-community",
        "repo": "disko",
        "type": "github"
      }
    },
    "flake-parts": {
      "inputs": {
        "nixpkgs-lib": [
          "nixpkgs"
        ]
      },
      "locked": {
        "lastModified": 1743550720,
        "narHash": "sha256-hIshGgKZCgWh6AYJpJmRgFdR3WUbkY04o82X05xqQiY=",
        "owner": "hercules-ci",
        "repo": "flake-parts",
        "rev": "c621e8422220273271f52058f618c94e405bb0f5",
        "type": "github"
      },
      "original": {
        "owner": "hercules-ci",
        "repo": "flake-parts",
        "type": "github"
      }
    },
    "home-manager": {
      "inputs": {
        "nixpkgs": [
          "nixpkgs"
        ]
      },
      "locked": {
        "lastModified": 1747793476,
        "narHash": "sha256-2qAOSixSrbb9l6MI+SI4zGineOzDcc2dgOOFK9Dx+IY=",
        "owner": "nix-community",
        "repo": "home-manager",
        "rev": "2468b2d35512d093aeb04972a1d8c20a0735793f",
        "type": "github"
      },
      "original": {
        "owner": "nix-community",
        "repo": "home-manager",
        "type": "github"
      }
    },
    "nixos-hardware": {
      "locked": {
        "lastModified": 1747723695,
        "narHash": "sha256-lSXzv33yv1O9r9Ai1MtYFDX3OKhWsZMn/5FFb4Rni/k=",
        "owner": "nixos",
        "repo": "nixos-hardware",
        "rev": "6ac6ec6fcb410e15a60ef5ec94b8a2b35b5dd282",
        "type": "github"
      },
      "original": {
        "owner": "nixos",
        "repo": "nixos-hardware",
        "type": "github"
      }
    },
    "nixpkgs": {
      "locked": {
        "lastModified": 1747744144,
        "narHash": "sha256-W7lqHp0qZiENCDwUZ5EX/lNhxjMdNapFnbErcbnP11Q=",
        "owner": "NixOS",
        "repo": "nixpkgs",
        "rev": "2795c506fe8fb7b03c36ccb51f75b6df0ab2553f",
        "type": "github"
      },
      "original": {
        "owner": "NixOS",
        "ref": "nixos-unstable",
        "repo": "nixpkgs",
        "type": "github"
      }
    },
    "root": {
      "inputs": {
        "darwin": "darwin",
        "disko": "disko",
        "flake-parts": "flake-parts",
        "home-manager": "home-manager",
        "nixos-hardware": "nixos-hardware",
        "nixpkgs": "nixpkgs",
        "sysmodule-flake": "sysmodule-flake"
      }
    },
    "sysmodule-flake": {
      "inputs": {
        "flake-parts": [
          "flake-parts"
        ],
        "nixpkgs": [
          "nixpkgs"
        ]
      },
      "locked": {
        "lastModified": 1744642988,
        "narHash": "sha256-DUMoY3cf04EgHPF2TVclp8OaGCArlwGmuIQ9M544D4Y=",
        "owner": "applicative-systems",
        "repo": "sysmodule-flake",
        "rev": "f54feb162fe296f53e2ad8e9a3e9cd9e03267667",
        "type": "github"
      },
      "original": {
        "owner": "applicative-systems",
        "repo": "sysmodule-flake",
        "type": "github"
      }
    }
  },
  "root": "root",
  "version": 7
}
