{
  "nodes": {
    "flake-modules-core": {
      "inputs": {
        "nixpkgs": "nixpkgs"
      },
      "locked": {
        "lastModified": 1647368891,
        "narHash": "sha256-czmhnXovaf7Qsg1ASXIfr8WOkRPWYVfI7Mc7V9QzvGE=",
        "owner": "hercules-ci",
        "repo": "flake-modules-core",
        "rev": "fd84881e00ea7d070f8a11689ae333d15c317213",
        "type": "github"
      },
      "original": {
        "owner": "hercules-ci",
        "repo": "flake-modules-core",
        "type": "github"
      }
    },
    "flake-utils": {
      "locked": {
        "lastModified": 1619345332,
        "narHash": "sha256-qHnQkEp1uklKTpx3MvKtY6xzgcqXDsz5nLilbbuL+3A=",
        "owner": "numtide",
        "repo": "flake-utils",
        "rev": "2ebf2558e5bf978c7fb8ea927dfaed8fefab2e28",
        "type": "github"
      },
      "original": {
        "owner": "numtide",
        "repo": "flake-utils",
        "type": "github"
      }
    },
    "hercules-ci-agent": {
      "inputs": {
        "flake-modules-core": "flake-modules-core",
        "nix-darwin": "nix-darwin",
        "nixos-unstable": "nixos-unstable",
        "pre-commit-hooks-nix": "pre-commit-hooks-nix"
      },
      "locked": {
        "lastModified": 1649443307,
        "narHash": "sha256-R5WJbQtGeE+sLciMRefrosyLSwOR4VB52gJSgDyKH7c=",
        "owner": "hercules-ci",
        "repo": "hercules-ci-agent",
        "rev": "56a8925fb519ce25a4ff8376ab76607a7d1b49ec",
        "type": "github"
      },
      "original": {
        "owner": "hercules-ci",
        "ref": "master",
        "repo": "hercules-ci-agent",
        "type": "github"
      }
    },
    "home-manager": {
      "inputs": {
        "nixpkgs": [
          "nixpkgs"
        ]
      },
      "locked": {
        "lastModified": 1649711426,
        "narHash": "sha256-tn5Hu9QkG6LhdgEOe+6cmULPeRCW0UY4o/GHU0viLu0=",
        "owner": "nix-community",
        "repo": "home-manager",
        "rev": "7049cf37a90e19ead7a379ce1c76dccea29450c4",
        "type": "github"
      },
      "original": {
        "owner": "nix-community",
        "ref": "release-21.11",
        "repo": "home-manager",
        "type": "github"
      }
    },
    "nix-darwin": {
      "inputs": {
        "nixpkgs": "nixpkgs_2"
      },
      "locked": {
        "lastModified": 1648278671,
        "narHash": "sha256-1WrR9ex+rKTjZtODNUZQhkWYUprtfOkjOyo9YWL2NMs=",
        "owner": "LnL7",
        "repo": "nix-darwin",
        "rev": "4fdbb8168f61d31d3f90bb0d07f48de709c4fe79",
        "type": "github"
      },
      "original": {
        "owner": "LnL7",
        "repo": "nix-darwin",
        "type": "github"
      }
    },
    "nixos-hardware": {
      "locked": {
        "lastModified": 1649660850,
        "narHash": "sha256-x8ZE4B+EuA9dCEJKNzT59yQjzotVMnGYU5GMoqMLk3A=",
        "owner": "nixos",
        "repo": "nixos-hardware",
        "rev": "f4160a629bac3538939a3005c8b5c7fb320bcf59",
        "type": "github"
      },
      "original": {
        "owner": "nixos",
        "ref": "master",
        "repo": "nixos-hardware",
        "type": "github"
      }
    },
    "nixos-unstable": {
      "locked": {
        "lastModified": 1649417654,
        "narHash": "sha256-IKC+25OiNIGPIGs0iBg/gx1lrGR4N5MGe5x+sGi7vzw=",
        "owner": "NixOS",
        "repo": "nixpkgs",
        "rev": "5df8b35e4f4074bd8b77eed10b267b6e5d029d6c",
        "type": "github"
      },
      "original": {
        "owner": "NixOS",
        "repo": "nixpkgs",
        "type": "github"
      }
    },
    "nixpkgs": {
      "locked": {
        "lastModified": 1649497218,
        "narHash": "sha256-groqC9m1P4hpnL6jQvZ3C8NEtduhdkvwGT0+0LUrcYw=",
        "owner": "NixOS",
        "repo": "nixpkgs",
        "rev": "fd364d268852561223a5ada15caad669fd72800e",
        "type": "github"
      },
      "original": {
        "owner": "NixOS",
        "ref": "nixos-unstable",
        "repo": "nixpkgs",
        "type": "github"
      }
    },
    "nixpkgs-unstable": {
      "locked": {
        "lastModified": 1649746643,
        "narHash": "sha256-413lwWVx21D2s7q5RloJ5W0WI/NqnyudY7Jg+2b0Ius=",
        "owner": "NixOS",
        "repo": "nixpkgs",
        "rev": "88c8690a33c9ef6bbf1a758464060355420391d6",
        "type": "github"
      },
      "original": {
        "owner": "NixOS",
        "ref": "master",
        "repo": "nixpkgs",
        "type": "github"
      }
    },
    "nixpkgs_2": {
      "locked": {
        "lastModified": 1602411953,
        "narHash": "sha256-gbupmxRpoQZqL5NBQCJN2GI5G7XDEHHHYKhVwEj5+Ps=",
        "owner": "LnL7",
        "repo": "nixpkgs",
        "rev": "f780534ea2d0c12e62607ff254b6b45f46653f7a",
        "type": "github"
      },
      "original": {
        "id": "nixpkgs",
        "type": "indirect"
      }
    },
    "nixpkgs_3": {
      "locked": {
        "lastModified": 1619531122,
        "narHash": "sha256-ovm5bo6PkZzNKh2YGXbRKYIjega0EjiEP0YDwyeXEYU=",
        "owner": "NixOS",
        "repo": "nixpkgs",
        "rev": "bb80d578e8ad3cb5a607f468ac00cc546d0396dc",
        "type": "github"
      },
      "original": {
        "id": "nixpkgs",
        "type": "indirect"
      }
    },
    "nixpkgs_4": {
      "locked": {
        "lastModified": 1649619156,
        "narHash": "sha256-p0q4zpuKMwrzGF+5ZU7Thnpac5TinhDI9jr2mBxhV4w=",
        "owner": "NixOS",
        "repo": "nixpkgs",
        "rev": "e7d63bd0d50df412f5a1d8acfa3caae75522e347",
        "type": "github"
      },
      "original": {
        "owner": "NixOS",
        "ref": "nixos-21.11",
        "repo": "nixpkgs",
        "type": "github"
      }
    },
    "pre-commit-hooks-nix": {
      "inputs": {
        "flake-utils": "flake-utils",
        "nixpkgs": "nixpkgs_3"
      },
      "locked": {
        "lastModified": 1638351750,
        "narHash": "sha256-90OHC+11DIHD1QyMIPUuM3n6zjH5Mhc8RBZa0h8969A=",
        "owner": "hercules-ci",
        "repo": "pre-commit-hooks.nix",
        "rev": "3bb289628867ac40fc9e7c514f8266b1ce8c0910",
        "type": "github"
      },
      "original": {
        "owner": "hercules-ci",
        "ref": "flakeModule",
        "repo": "pre-commit-hooks.nix",
        "type": "github"
      }
    },
    "root": {
      "inputs": {
        "hercules-ci-agent": "hercules-ci-agent",
        "home-manager": "home-manager",
        "nixos-hardware": "nixos-hardware",
        "nixpkgs": "nixpkgs_4",
        "nixpkgs-unstable": "nixpkgs-unstable"
      }
    }
  },
  "root": "root",
  "version": 7
}
